
Microsoft Visual Studio Solution File, Format Version 12.00
# Visual Studio Version 17
VisualStudioVersion = 17.12.35707.178 d17.12
MinimumVisualStudioVersion = 10.0.40219.1
Project("{FAE04EC0-301F-11D3-BF4B-00C04F79EFBC}") = "PrjVinculo", "PrjVinculo\PrjVinculo\PrjVinculo.csproj", "{76513319-8B5D-4BDA-BC13-2DFF49C26E37}"
EndProject
Project("{FAE04EC0-301F-11D3-BF4B-00C04F79EFBC}") = "PrjVinculo.Droid", "PrjVinculo\PrjVinculo.Droid\PrjVinculo.Droid.csproj", "{FA278727-655F-4CFB-B0CD-6B1A1A933279}"
EndProject
Project("{FAE04EC0-301F-11D3-BF4B-00C04F79EFBC}") = "PrjVinculo.WinUI", "PrjVinculo\PrjVinculo.WinUI\PrjVinculo.WinUI.csproj", "{C57EC45F-ED49-4BAB-A856-3E7E40231429}"
EndProject
Global
	GlobalSection(SolutionConfigurationPlatforms) = preSolution
		Debug|Any CPU = Debug|Any CPU
		Release|Any CPU = Release|Any CPU
	EndGlobalSection
	GlobalSection(ProjectConfigurationPlatforms) = postSolution
		{76513319-8B5D-4BDA-BC13-2DFF49C26E37}.Debug|Any CPU.ActiveCfg = Debug|Any CPU
		{76513319-8B5D-4BDA-BC13-2DFF49C26E37}.Debug|Any CPU.Build.0 = Debug|Any CPU
		{76513319-8B5D-4BDA-BC13-2DFF49C26E37}.Release|Any CPU.ActiveCfg = Release|Any CPU
		{76513319-8B5D-4BDA-BC13-2DFF49C26E37}.Release|Any CPU.Build.0 = Release|Any CPU
		{FA278727-655F-4CFB-B0CD-6B1A1A933279}.Debug|Any CPU.ActiveCfg = Debug|Any CPU
		{FA278727-655F-4CFB-B0CD-6B1A1A933279}.Debug|Any CPU.Build.0 = Debug|Any CPU
		{FA278727-655F-4CFB-B0CD-6B1A1A933279}.Debug|Any CPU.Deploy.0 = Debug|Any CPU
		{FA278727-655F-4CFB-B0CD-6B1A1A933279}.Release|Any CPU.ActiveCfg = Release|Any CPU
		{FA278727-655F-4CFB-B0CD-6B1A1A933279}.Release|Any CPU.Build.0 = Release|Any CPU
		{FA278727-655F-4CFB-B0CD-6B1A1A933279}.Release|Any CPU.Deploy.0 = Release|Any CPU
		{C57EC45F-ED49-4BAB-A856-3E7E40231429}.Debug|Any CPU.ActiveCfg = Debug|x64
		{C57EC45F-ED49-4BAB-A856-3E7E40231429}.Debug|Any CPU.Build.0 = Debug|x64
		{C57EC45F-ED49-4BAB-A856-3E7E40231429}.Release|Any CPU.ActiveCfg = Release|x64
		{C57EC45F-ED49-4BAB-A856-3E7E40231429}.Release|Any CPU.Build.0 = Release|x64
	EndGlobalSection
	GlobalSection(SolutionProperties) = preSolution
		HideSolutionNode = FALSE
	EndGlobalSection
EndGlobal
